{
  "name": "mybedding",
  "version": "1.0.0",
  "lockfileVersion": 3,
  "requires": true,
  "packages": {
    "": {
      "name": "mybedding",
      "version": "1.0.0",
      "license": "ISC",
      "dependencies": {
        "lightense-images": "^1.0.17"
      }
    },
    "node_modules/lightense-images": {
      "version": "1.0.17",
      "resolved": "https://registry.npmjs.org/lightense-images/-/lightense-images-1.0.17.tgz",
      "integrity": "sha512-onaXGhmKWFxnihtb0XOCIHs7ubyaFerFQ6uBal7BXhvZtLwGa6kClFI0/Kw0puQCZb7SY8gYFh9coYWZ7HhMXQ=="
    }
  }
}
